
Microsoft Visual Studio Solution File, Format Version 12.00
# Visual Studio 15
VisualStudioVersion = 15.0.28010.2048
MinimumVisualStudioVersion = 10.0.40219.1
Project("{DA7A21FA-8162-4350-AD77-A8D1B671F3ED}") = "Portfolio_Performance", "Portfolio_Performance\Portfolio_Performance.rxproj", "{7DDA3507-2CC2-43A1-AA77-673E07F039EA}"
EndProject
Global
	GlobalSection(SolutionConfigurationPlatforms) = preSolution
		Debug|Any CPU = Debug|Any CPU
		Release|Any CPU = Release|Any CPU
	EndGlobalSection
	GlobalSection(ProjectConfigurationPlatforms) = postSolution
		{7DDA3507-2CC2-43A1-AA77-673E07F039EA}.Debug|Any CPU.ActiveCfg = Debug|Any CPU
		{7DDA3507-2CC2-43A1-AA77-673E07F039EA}.Debug|Any CPU.Build.0 = Debug|Any CPU
		{7DDA3507-2CC2-43A1-AA77-673E07F039EA}.Release|Any CPU.ActiveCfg = Release|Any CPU
		{7DDA3507-2CC2-43A1-AA77-673E07F039EA}.Release|Any CPU.Build.0 = Release|Any CPU
	EndGlobalSection
	GlobalSection(SolutionProperties) = preSolution
		HideSolutionNode = FALSE
	EndGlobalSection
	GlobalSection(ExtensibilityGlobals) = postSolution
		SolutionGuid = {86454BE2-0BE4-4158-8575-53A3B23876B8}
	EndGlobalSection
EndGlobal
